
Microsoft Visual Studio Solution File, Format Version 12.00
# Visual Studio Version 16
VisualStudioVersion = 16.0.31410.357
MinimumVisualStudioVersion = 10.0.40219.1
Project("{FAE04EC0-301F-11D3-BF4B-00C04F79EFBC}") = "communication-log", "communication-log\communication-log.csproj", "{B3C59BB2-F521-440F-9E9A-E6D4C0163DB3}"
EndProject
Global
	GlobalSection(SolutionConfigurationPlatforms) = preSolution
		Debug|Any CPU = Debug|Any CPU
		Release|Any CPU = Release|Any CPU
	EndGlobalSection
	GlobalSection(ProjectConfigurationPlatforms) = postSolution
		{B3C59BB2-F521-440F-9E9A-E6D4C0163DB3}.Debug|Any CPU.ActiveCfg = Debug|Any CPU
		{B3C59BB2-F521-440F-9E9A-E6D4C0163DB3}.Debug|Any CPU.Build.0 = Debug|Any CPU
		{B3C59BB2-F521-440F-9E9A-E6D4C0163DB3}.Release|Any CPU.ActiveCfg = Release|Any CPU
		{B3C59BB2-F521-440F-9E9A-E6D4C0163DB3}.Release|Any CPU.Build.0 = Release|Any CPU
	EndGlobalSection
	GlobalSection(SolutionProperties) = preSolution
		HideSolutionNode = FALSE
	EndGlobalSection
	GlobalSection(ExtensibilityGlobals) = postSolution
		SolutionGuid = {42DD8B01-8D31-4B7F-9669-077F94FD79CC}
	EndGlobalSection
EndGlobal
